# THIS IS AN AUTOGENERATED FILE. DO NOT EDIT THIS FILE DIRECTLY.
# yarn lockfile v1


"@prisma/client@^2.21.1":
  version "2.21.1"
  resolved "https://registry.yarnpkg.com/@prisma/client/-/client-2.21.1.tgz#790e09b7f0367a456cdb40cc5898d25494631106"
  integrity sha512-37Sq4vBsZt21AvgMzo2kLvPs1LhqEWoelwGNK/tDNuDR+HbuxlDSX6lIiqSwd7s4/Lw5mx2Dtevpopq/RzaqzQ==
  dependencies:
    "@prisma/engines-version" "2.21.0-36.e421996c87d5f3c8f7eeadd502d4ad402c89464d"

"@prisma/engines-version@2.21.0-36.e421996c87d5f3c8f7eeadd502d4ad402c89464d":
  version "2.21.0-36.e421996c87d5f3c8f7eeadd502d4ad402c89464d"
  resolved "https://registry.yarnpkg.com/@prisma/engines-version/-/engines-version-2.21.0-36.e421996c87d5f3c8f7eeadd502d4ad402c89464d.tgz#b749bae4173eb766dafc298aaa7d883c2dbe555b"
  integrity sha512-9/fE1gdPWmjbMjXUJjrTMt848TsgEnSjZCcJ1wu9OAcRlAKKJBLehftqC3gSEShDijvMYgeTdGU5snMpwmv4vg==

"@prisma/engines@2.21.0-36.e421996c87d5f3c8f7eeadd502d4ad402c89464d":
  version "2.21.0-36.e421996c87d5f3c8f7eeadd502d4ad402c89464d"
  resolved "https://registry.yarnpkg.com/@prisma/engines/-/engines-2.21.0-36.e421996c87d5f3c8f7eeadd502d4ad402c89464d.tgz#aafed60c9506bc766e49ea60b9f8ce7da2385bc6"
  integrity sha512-L57tvSoom2GDWDqik4wrAUBvLTAv5MTm2OOzNMBKsv0w5cX7ONoZ8KnGQN+csmdJpQVBs93dIvIBm72OO+l/9Q==

prisma@^2.21.1:
  version "2.21.1"
  resolved "https://registry.yarnpkg.com/prisma/-/prisma-2.21.1.tgz#04314f87439fedc8ab9da0c55f3ad41321f36d80"
  integrity sha512-uUnNaJTdbTNeZyJadu5rZnRlPi7o/u3ep9wqe4fZMNd70dyFl/q0RrAss6hqd6MTXPqknGNgxaoXIFNVRg37EA==
  dependencies:
    "@prisma/engines" "2.21.0-36.e421996c87d5f3c8f7eeadd502d4ad402c89464d"
